Microsoft Visual Studio Solution File, Format Version 12.00
# Visual Studio 2013
VisualStudioVersion = 12.0.31101.0
MinimumVisualStudioVersion = 10.0.40219.1
Project("{FAE04EC0-301F-11D3-BF4B-00C04F79EFBC}") = "LicenseLayout", "LicenseLayout\LicenseLayout.csproj", "{735CCA6C-697E-47D6-807A-E41AF1B3055A}"
EndProject
Project("{FAE04EC0-301F-11D3-BF4B-00C04F79EFBC}") = "LicenseKeyBuilder", "LicenseKeyBuilder\LicenseKeyBuilder.csproj", "{1DC3F930-86BE-4404-8366-49BF479244E0}"
EndProject
Global
	GlobalSection(SolutionConfigurationPlatforms) = preSolution
		Debug|Any CPU = Debug|Any CPU
		Release|Any CPU = Release|Any CPU
	EndGlobalSection
	GlobalSection(ProjectConfigurationPlatforms) = postSolution
		{735CCA6C-697E-47D6-807A-E41AF1B3055A}.Debug|Any CPU.ActiveCfg = Debug|Any CPU
		{735CCA6C-697E-47D6-807A-E41AF1B3055A}.Debug|Any CPU.Build.0 = Debug|Any CPU
		{735CCA6C-697E-47D6-807A-E41AF1B3055A}.Release|Any CPU.ActiveCfg = Release|Any CPU
		{735CCA6C-697E-47D6-807A-E41AF1B3055A}.Release|Any CPU.Build.0 = Release|Any CPU
		{1DC3F930-86BE-4404-8366-49BF479244E0}.Debug|Any CPU.ActiveCfg = Debug|Any CPU
		{1DC3F930-86BE-4404-8366-49BF479244E0}.Debug|Any CPU.Build.0 = Debug|Any CPU
		{1DC3F930-86BE-4404-8366-49BF479244E0}.Release|Any CPU.ActiveCfg = Release|Any CPU
		{1DC3F930-86BE-4404-8366-49BF479244E0}.Release|Any CPU.Build.0 = Release|Any CPU
	EndGlobalSection
	GlobalSection(SolutionProperties) = preSolution
		HideSolutionNode = FALSE
	EndGlobalSection
EndGlobal
